
Microsoft Visual Studio Solution File, Format Version 12.00
# Visual Studio Version 16
VisualStudioVersion = 16.0.30523.141
MinimumVisualStudioVersion = 10.0.40219.1
Project("{9A19103F-16F7-4668-BE54-9A1E7A4F7556}") = "TESCopper", "TESCopper\TESCopper.csproj", "{59E482B5-15B3-4C29-A0F4-8E838D5F2BAB}"
EndProject
Global
	GlobalSection(SolutionConfigurationPlatforms) = preSolution
		Debug|Any CPU = Debug|Any CPU
		Release|Any CPU = Release|Any CPU
	EndGlobalSection
	GlobalSection(ProjectConfigurationPlatforms) = postSolution
		{59E482B5-15B3-4C29-A0F4-8E838D5F2BAB}.Debug|Any CPU.ActiveCfg = Debug|Any CPU
		{59E482B5-15B3-4C29-A0F4-8E838D5F2BAB}.Debug|Any CPU.Build.0 = Debug|Any CPU
		{59E482B5-15B3-4C29-A0F4-8E838D5F2BAB}.Release|Any CPU.ActiveCfg = Release|Any CPU
		{59E482B5-15B3-4C29-A0F4-8E838D5F2BAB}.Release|Any CPU.Build.0 = Release|Any CPU
		{0DB4163C-69E5-4A00-BCD2-DAC5EA828381}.Debug|Any CPU.ActiveCfg = Debug|Any CPU
		{0DB4163C-69E5-4A00-BCD2-DAC5EA828381}.Debug|Any CPU.Build.0 = Debug|Any CPU
		{0DB4163C-69E5-4A00-BCD2-DAC5EA828381}.Release|Any CPU.ActiveCfg = Release|Any CPU
		{0DB4163C-69E5-4A00-BCD2-DAC5EA828381}.Release|Any CPU.Build.0 = Release|Any CPU
	EndGlobalSection
	GlobalSection(SolutionProperties) = preSolution
		HideSolutionNode = FALSE
	EndGlobalSection
	GlobalSection(ExtensibilityGlobals) = postSolution
		SolutionGuid = {D8032944-6640-488E-BEE0-6C6ABA1EDD9F}
	EndGlobalSection
EndGlobal
